// !$*UTF8*$!
{
	archiveVersion = 1;
	classes = {
	};
	objectVersion = 56;
	objects = {

/* Begin PBXBuildFile section */
		BAB7B9C02B33986400BE7E8F /* AppDelegate.swift in Sources */ = {isa = PBXBuildFile; fileRef = BAB7B9BF2B33986400BE7E8F /* AppDelegate.swift */; };
		BAB7B9C22B33986400BE7E8F /* SceneDelegate.swift in Sources */ = {isa = PBXBuildFile; fileRef = BAB7B9C12B33986400BE7E8F /* SceneDelegate.swift */; };
		BAB7B9C42B33986400BE7E8F /* ViewController.swift in Sources */ = {isa = PBXBuildFile; fileRef = BAB7B9C32B33986400BE7E8F /* ViewController.swift */; };
		BAB7B9C72B33986400BE7E8F /* Main.storyboard in Resources */ = {isa = PBXBuildFile; fileRef = BAB7B9C52B33986400BE7E8F /* Main.storyboard */; };
		BAB7B9C92B33986700BE7E8F /* Assets.xcassets in Resources */ = {isa = PBXBuildFile; fileRef = BAB7B9C82B33986700BE7E8F /* Assets.xcassets */; };
		BAB7B9CC2B33986700BE7E8F /* LaunchScreen.storyboard in Resources */ = {isa = PBXBuildFile; fileRef = BAB7B9CA2B33986700BE7E8F /* LaunchScreen.storyboard */; };
		BAB7B9D72B33986700BE7E8F /* DynaSwipeTests.swift in Sources */ = {isa = PBXBuildFile; fileRef = BAB7B9D62B33986700BE7E8F /* DynaSwipeTests.swift */; };
		BAB7B9E12B33986700BE7E8F /* DynaSwipeUITests.swift in Sources */ = {isa = PBXBuildFile; fileRef = BAB7B9E02B33986700BE7E8F /* DynaSwipeUITests.swift */; };
		BAB7B9E32B33986700BE7E8F /* DynaSwipeUITestsLaunchTests.swift in Sources */ = {isa = PBXBuildFile; fileRef = BAB7B9E22B33986700BE7E8F /* DynaSwipeUITestsLaunchTests.swift */; };
		BAB7B9F02B3398AF00BE7E8F /* Model.swift in Sources */ = {isa = PBXBuildFile; fileRef = BAB7B9EF2B3398AF00BE7E8F /* Model.swift */; };
		BAB7B9F22B3398C400BE7E8F /* ShapeView.swift in Sources */ = {isa = PBXBuildFile; fileRef = BAB7B9F12B3398C300BE7E8F /* ShapeView.swift */; };
		BAB7B9F42B3398D400BE7E8F /* MenuView.swift in Sources */ = {isa = PBXBuildFile; fileRef = BAB7B9F32B3398D400BE7E8F /* MenuView.swift */; };
		BAB7B9F62B3398EE00BE7E8F /* ColorTheme.swift in Sources */ = {isa = PBXBuildFile; fileRef = BAB7B9F52B3398EE00BE7E8F /* ColorTheme.swift */; };
		BAB7B9F82B33990400BE7E8F /* Piece.swift in Sources */ = {isa = PBXBuildFile; fileRef = BAB7B9F72B33990400BE7E8F /* Piece.swift */; };
		BAB7B9FA2B33991600BE7E8F /* Board.swift in Sources */ = {isa = PBXBuildFile; fileRef = BAB7B9F92B33991600BE7E8F /* Board.swift */; };
		BAB7B9FC2B33992800BE7E8F /* GridPoints.swift in Sources */ = {isa = PBXBuildFile; fileRef = BAB7B9FB2B33992800BE7E8F /* GridPoints.swift */; };
/* End PBXBuildFile section */

/* Begin PBXContainerItemProxy section */
		BAB7B9D32B33986700BE7E8F /* PBXContainerItemProxy */ = {
			isa = PBXContainerItemProxy;
			containerPortal = BAB7B9B42B33986400BE7E8F /* Project object */;
			proxyType = 1;
			remoteGlobalIDString = BAB7B9BB2B33986400BE7E8F;
			remoteInfo = DynaSwipe;
		};
		BAB7B9DD2B33986700BE7E8F /* PBXContainerItemProxy */ = {
			isa = PBXContainerItemProxy;
			containerPortal = BAB7B9B42B33986400BE7E8F /* Project object */;
			proxyType = 1;
			remoteGlobalIDString = BAB7B9BB2B33986400BE7E8F;
			remoteInfo = DynaSwipe;
		};
/* End PBXContainerItemProxy section */

/* Begin PBXFileReference section */
		BAB7B9BC2B33986400BE7E8F /* DynaSwipe.app */ = {isa = PBXFileReference; explicitFileType = wrapper.application; includeInIndex = 0; path = DynaSwipe.app; sourceTree = BUILT_PRODUCTS_DIR; };
		BAB7B9BF2B33986400BE7E8F /* AppDelegate.swift */ = {isa = PBXFileReference; lastKnownFileType = sourcecode.swift; path = AppDelegate.swift; sourceTree = "<group>"; };
		BAB7B9C12B33986400BE7E8F /* SceneDelegate.swift */ = {isa = PBXFileReference; lastKnownFileType = sourcecode.swift; path = SceneDelegate.swift; sourceTree = "<group>"; };
		BAB7B9C32B33986400BE7E8F /* ViewController.swift */ = {isa = PBXFileReference; lastKnownFileType = sourcecode.swift; path = ViewController.swift; sourceTree = "<group>"; };
		BAB7B9C62B33986400BE7E8F /* Base */ = {isa = PBXFileReference; lastKnownFileType = file.storyboard; name = Base; path = Base.lproj/Main.storyboard; sourceTree = "<group>"; };
		BAB7B9C82B33986700BE7E8F /* Assets.xcassets */ = {isa = PBXFileReference; lastKnownFileType = folder.assetcatalog; path = Assets.xcassets; sourceTree = "<group>"; };
		BAB7B9CB2B33986700BE7E8F /* Base */ = {isa = PBXFileReference; lastKnownFileType = file.storyboard; name = Base; path = Base.lproj/LaunchScreen.storyboard; sourceTree = "<group>"; };
		BAB7B9CD2B33986700BE7E8F /* Info.plist */ = {isa = PBXFileReference; lastKnownFileType = text.plist.xml; path = Info.plist; sourceTree = "<group>"; };
		BAB7B9D22B33986700BE7E8F /* DynaSwipeTests.xctest */ = {isa = PBXFileReference; explicitFileType = wrapper.cfbundle; includeInIndex = 0; path = DynaSwipeTests.xctest; sourceTree = BUILT_PRODUCTS_DIR; };
		BAB7B9D62B33986700BE7E8F /* DynaSwipeTests.swift */ = {isa = PBXFileReference; lastKnownFileType = sourcecode.swift; path = DynaSwipeTests.swift; sourceTree = "<group>"; };
		BAB7B9DC2B33986700BE7E8F /* DynaSwipeUITests.xctest */ = {isa = PBXFileReference; explicitFileType = wrapper.cfbundle; includeInIndex = 0; path = DynaSwipeUITests.xctest; sourceTree = BUILT_PRODUCTS_DIR; };
		BAB7B9E02B33986700BE7E8F /* DynaSwipeUITests.swift */ = {isa = PBXFileReference; lastKnownFileType = sourcecode.swift; path = DynaSwipeUITests.swift; sourceTree = "<group>"; };
		BAB7B9E22B33986700BE7E8F /* DynaSwipeUITestsLaunchTests.swift */ = {isa = PBXFileReference; lastKnownFileType = sourcecode.swift; path = DynaSwipeUITestsLaunchTests.swift; sourceTree = "<group>"; };
		BAB7B9EF2B3398AF00BE7E8F /* Model.swift */ = {isa = PBXFileReference; lastKnownFileType = sourcecode.swift; path = Model.swift; sourceTree = "<group>"; };
		BAB7B9F12B3398C300BE7E8F /* ShapeView.swift */ = {isa = PBXFileReference; lastKnownFileType = sourcecode.swift; path = ShapeView.swift; sourceTree = "<group>"; };
		BAB7B9F32B3398D400BE7E8F /* MenuView.swift */ = {isa = PBXFileReference; lastKnownFileType = sourcecode.swift; path = MenuView.swift; sourceTree = "<group>"; };
		BAB7B9F52B3398EE00BE7E8F /* ColorTheme.swift */ = {isa = PBXFileReference; lastKnownFileType = sourcecode.swift; path = ColorTheme.swift; sourceTree = "<group>"; };
		BAB7B9F72B33990400BE7E8F /* Piece.swift */ = {isa = PBXFileReference; lastKnownFileType = sourcecode.swift; path = Piece.swift; sourceTree = "<group>"; };
		BAB7B9F92B33991600BE7E8F /* Board.swift */ = {isa = PBXFileReference; lastKnownFileType = sourcecode.swift; path = Board.swift; sourceTree = "<group>"; };
		BAB7B9FB2B33992800BE7E8F /* GridPoints.swift */ = {isa = PBXFileReference; lastKnownFileType = sourcecode.swift; path = GridPoints.swift; sourceTree = "<group>"; };
/* End PBXFileReference section */

/* Begin PBXFrameworksBuildPhase section */
		BAB7B9B92B33986400BE7E8F /* Frameworks */ = {
			isa = PBXFrameworksBuildPhase;
			buildActionMask = 2147483647;
			files = (
			);
			runOnlyForDeploymentPostprocessing = 0;
		};
		BAB7B9CF2B33986700BE7E8F /* Frameworks */ = {
			isa = PBXFrameworksBuildPhase;
			buildActionMask = 2147483647;
			files = (
			);
			runOnlyForDeploymentPostprocessing = 0;
		};
		BAB7B9D92B33986700BE7E8F /* Frameworks */ = {
			isa = PBXFrameworksBuildPhase;
			buildActionMask = 2147483647;
			files = (
			);
			runOnlyForDeploymentPostprocessing = 0;
		};
/* End PBXFrameworksBuildPhase section */

/* Begin PBXGroup section */
		BAB7B9B32B33986400BE7E8F = {
			isa = PBXGroup;
			children = (
				BAB7B9BE2B33986400BE7E8F /* DynaSwipe */,
				BAB7B9D52B33986700BE7E8F /* DynaSwipeTests */,
				BAB7B9DF2B33986700BE7E8F /* DynaSwipeUITests */,
				BAB7B9BD2B33986400BE7E8F /* Products */,
			);
			sourceTree = "<group>";
		};
		BAB7B9BD2B33986400BE7E8F /* Products */ = {
			isa = PBXGroup;
			children = (
				BAB7B9BC2B33986400BE7E8F /* DynaSwipe.app */,
				BAB7B9D22B33986700BE7E8F /* DynaSwipeTests.xctest */,
				BAB7B9DC2B33986700BE7E8F /* DynaSwipeUITests.xctest */,
			);
			name = Products;
			sourceTree = "<group>";
		};
		BAB7B9BE2B33986400BE7E8F /* DynaSwipe */ = {
			isa = PBXGroup;
			children = (
				BAB7B9BF2B33986400BE7E8F /* AppDelegate.swift */,
				BAB7B9C12B33986400BE7E8F /* SceneDelegate.swift */,
				BAB7B9C32B33986400BE7E8F /* ViewController.swift */,
				BAB7B9EF2B3398AF00BE7E8F /* Model.swift */,
				BAB7B9F12B3398C300BE7E8F /* ShapeView.swift */,
				BAB7B9F32B3398D400BE7E8F /* MenuView.swift */,
				BAB7B9F52B3398EE00BE7E8F /* ColorTheme.swift */,
				BAB7B9F72B33990400BE7E8F /* Piece.swift */,
				BAB7B9F92B33991600BE7E8F /* Board.swift */,
				BAB7B9FB2B33992800BE7E8F /* GridPoints.swift */,
				BAB7B9C52B33986400BE7E8F /* Main.storyboard */,
				BAB7B9C82B33986700BE7E8F /* Assets.xcassets */,
				BAB7B9CA2B33986700BE7E8F /* LaunchScreen.storyboard */,
				BAB7B9CD2B33986700BE7E8F /* Info.plist */,
			);
			path = DynaSwipe;
			sourceTree = "<group>";
		};
		BAB7B9D52B33986700BE7E8F /* DynaSwipeTests */ = {
			isa = PBXGroup;
			children = (
				BAB7B9D62B33986700BE7E8F /* DynaSwipeTests.swift */,
			);
			path = DynaSwipeTests;
			sourceTree = "<group>";
		};
		BAB7B9DF2B33986700BE7E8F /* DynaSwipeUITests */ = {
			isa = PBXGroup;
			children = (
				BAB7B9E02B33986700BE7E8F /* DynaSwipeUITests.swift */,
				BAB7B9E22B33986700BE7E8F /* DynaSwipeUITestsLaunchTests.swift */,
			);
			path = DynaSwipeUITests;
			sourceTree = "<group>";
		};
/* End PBXGroup section */

/* Begin PBXNativeTarget section */
		BAB7B9BB2B33986400BE7E8F /* DynaSwipe */ = {
			isa = PBXNativeTarget;
			buildConfigurationList = BAB7B9E62B33986700BE7E8F /* Build configuration list for PBXNativeTarget "DynaSwipe" */;
			buildPhases = (
				BAB7B9B82B33986400BE7E8F /* Sources */,
				BAB7B9B92B33986400BE7E8F /* Frameworks */,
				BAB7B9BA2B33986400BE7E8F /* Resources */,
			);
			buildRules = (
			);
			dependencies = (
			);
			name = DynaSwipe;
			productName = DynaSwipe;
			productReference = BAB7B9BC2B33986400BE7E8F /* DynaSwipe.app */;
			productType = "com.apple.product-type.application";
		};
		BAB7B9D12B33986700BE7E8F /* DynaSwipeTests */ = {
			isa = PBXNativeTarget;
			buildConfigurationList = BAB7B9E92B33986700BE7E8F /* Build configuration list for PBXNativeTarget "DynaSwipeTests" */;
			buildPhases = (
				BAB7B9CE2B33986700BE7E8F /* Sources */,
				BAB7B9CF2B33986700BE7E8F /* Frameworks */,
				BAB7B9D02B33986700BE7E8F /* Resources */,
			);
			buildRules = (
			);
			dependencies = (
				BAB7B9D42B33986700BE7E8F /* PBXTargetDependency */,
			);
			name = DynaSwipeTests;
			productName = DynaSwipeTests;
			productReference = BAB7B9D22B33986700BE7E8F /* DynaSwipeTests.xctest */;
			productType = "com.apple.product-type.bundle.unit-test";
		};
		BAB7B9DB2B33986700BE7E8F /* DynaSwipeUITests */ = {
			isa = PBXNativeTarget;
			buildConfigurationList = BAB7B9EC2B33986700BE7E8F /* Build configuration list for PBXNativeTarget "DynaSwipeUITests" */;
			buildPhases = (
				BAB7B9D82B33986700BE7E8F /* Sources */,
				BAB7B9D92B33986700BE7E8F /* Frameworks */,
				BAB7B9DA2B33986700BE7E8F /* Resources */,
			);
			buildRules = (
			);
			dependencies = (
				BAB7B9DE2B33986700BE7E8F /* PBXTargetDependency */,
			);
			name = DynaSwipeUITests;
			productName = DynaSwipeUITests;
			productReference = BAB7B9DC2B33986700BE7E8F /* DynaSwipeUITests.xctest */;
			productType = "com.apple.product-type.bundle.ui-testing";
		};
/* End PBXNativeTarget section */

/* Begin PBXProject section */
		BAB7B9B42B33986400BE7E8F /* Project object */ = {
			isa = PBXProject;
			attributes = {
				BuildIndependentTargetsInParallel = 1;
				LastSwiftUpdateCheck = 1420;
				LastUpgradeCheck = 1420;
				TargetAttributes = {
					BAB7B9BB2B33986400BE7E8F = {
						CreatedOnToolsVersion = 14.2;
					};
					BAB7B9D12B33986700BE7E8F = {
						CreatedOnToolsVersion = 14.2;
						TestTargetID = BAB7B9BB2B33986400BE7E8F;
					};
					BAB7B9DB2B33986700BE7E8F = {
						CreatedOnToolsVersion = 14.2;
						TestTargetID = BAB7B9BB2B33986400BE7E8F;
					};
				};
			};
			buildConfigurationList = BAB7B9B72B33986400BE7E8F /* Build configuration list for PBXProject "DynaSwipe" */;
			compatibilityVersion = "Xcode 14.0";
			developmentRegion = en;
			hasScannedForEncodings = 0;
			knownRegions = (
				en,
				Base,
			);
			mainGroup = BAB7B9B32B33986400BE7E8F;
			productRefGroup = BAB7B9BD2B33986400BE7E8F /* Products */;
			projectDirPath = "";
			projectRoot = "";
			targets = (
				BAB7B9BB2B33986400BE7E8F /* DynaSwipe */,
				BAB7B9D12B33986700BE7E8F /* DynaSwipeTests */,
				BAB7B9DB2B33986700BE7E8F /* DynaSwipeUITests */,
			);
		};
/* End PBXProject section */

/* Begin PBXResourcesBuildPhase section */
		BAB7B9BA2B33986400BE7E8F /* Resources */ = {
			isa = PBXResourcesBuildPhase;
			buildActionMask = 2147483647;
			files = (
				BAB7B9CC2B33986700BE7E8F /* LaunchScreen.storyboard in Resources */,
				BAB7B9C92B33986700BE7E8F /* Assets.xcassets in Resources */,
				BAB7B9C72B33986400BE7E8F /* Main.storyboard in Resources */,
			);
			runOnlyForDeploymentPostprocessing = 0;
		};
		BAB7B9D02B33986700BE7E8F /* Resources */ = {
			isa = PBXResourcesBuildPhase;
			buildActionMask = 2147483647;
			files = (
			);
			runOnlyForDeploymentPostprocessing = 0;
		};
		BAB7B9DA2B33986700BE7E8F /* Resources */ = {
			isa = PBXResourcesBuildPhase;
			buildActionMask = 2147483647;
			files = (
			);
			runOnlyForDeploymentPostprocessing = 0;
		};
/* End PBXResourcesBuildPhase section */

/* Begin PBXSourcesBuildPhase section */
		BAB7B9B82B33986400BE7E8F /* Sources */ = {
			isa = PBXSourcesBuildPhase;
			buildActionMask = 2147483647;
			files = (
				BAB7B9F22B3398C400BE7E8F /* ShapeView.swift in Sources */,
				BAB7B9F42B3398D400BE7E8F /* MenuView.swift in Sources */,
				BAB7B9F62B3398EE00BE7E8F /* ColorTheme.swift in Sources */,
				BAB7B9C42B33986400BE7E8F /* ViewController.swift in Sources */,
				BAB7B9F82B33990400BE7E8F /* Piece.swift in Sources */,
				BAB7B9C02B33986400BE7E8F /* AppDelegate.swift in Sources */,
				BAB7B9C22B33986400BE7E8F /* SceneDelegate.swift in Sources */,
				BAB7B9F02B3398AF00BE7E8F /* Model.swift in Sources */,
				BAB7B9FC2B33992800BE7E8F /* GridPoints.swift in Sources */,
				BAB7B9FA2B33991600BE7E8F /* Board.swift in Sources */,
			);
			runOnlyForDeploymentPostprocessing = 0;
		};
		BAB7B9CE2B33986700BE7E8F /* Sources */ = {
			isa = PBXSourcesBuildPhase;
			buildActionMask = 2147483647;
			files = (
				BAB7B9D72B33986700BE7E8F /* DynaSwipeTests.swift in Sources */,
			);
			runOnlyForDeploymentPostprocessing = 0;
		};
		BAB7B9D82B33986700BE7E8F /* Sources */ = {
			isa = PBXSourcesBuildPhase;
			buildActionMask = 2147483647;
			files = (
				BAB7B9E12B33986700BE7E8F /* DynaSwipeUITests.swift in Sources */,
				BAB7B9E32B33986700BE7E8F /* DynaSwipeUITestsLaunchTests.swift in Sources */,
			);
			runOnlyForDeploymentPostprocessing = 0;
		};
/* End PBXSourcesBuildPhase section */

/* Begin PBXTargetDependency section */
		BAB7B9D42B33986700BE7E8F /* PBXTargetDependency */ = {
			isa = PBXTargetDependency;
			target = BAB7B9BB2B33986400BE7E8F /* DynaSwipe */;
			targetProxy = BAB7B9D32B33986700BE7E8F /* PBXContainerItemProxy */;
		};
		BAB7B9DE2B33986700BE7E8F /* PBXTargetDependency */ = {
			isa = PBXTargetDependency;
			target = BAB7B9BB2B33986400BE7E8F /* DynaSwipe */;
			targetProxy = BAB7B9DD2B33986700BE7E8F /* PBXContainerItemProxy */;
		};
/* End PBXTargetDependency section */

/* Begin PBXVariantGroup section */
		BAB7B9C52B33986400BE7E8F /* Main.storyboard */ = {
			isa = PBXVariantGroup;
			children = (
				BAB7B9C62B33986400BE7E8F /* Base */,
			);
			name = Main.storyboard;
			sourceTree = "<group>";
		};
		BAB7B9CA2B33986700BE7E8F /* LaunchScreen.storyboard */ = {
			isa = PBXVariantGroup;
			children = (
				BAB7B9CB2B33986700BE7E8F /* Base */,
			);
			name = LaunchScreen.storyboard;
			sourceTree = "<group>";
		};
/* End PBXVariantGroup section */

/* Begin XCBuildConfiguration section */
		BAB7B9E42B33986700BE7E8F /* Debug */ = {
			isa = XCBuildConfiguration;
			buildSettings = {
				ALWAYS_SEARCH_USER_PATHS = NO;
				CLANG_ANALYZER_NONNULL = YES;
				CLANG_ANALYZER_NUMBER_OBJECT_CONVERSION = YES_AGGRESSIVE;
				CLANG_CXX_LANGUAGE_STANDARD = "gnu++20";
				CLANG_ENABLE_MODULES = YES;
				CLANG_ENABLE_OBJC_ARC = YES;
				CLANG_ENABLE_OBJC_WEAK = YES;
				CLANG_WARN_BLOCK_CAPTURE_AUTORELEASING = YES;
				CLANG_WARN_BOOL_CONVERSION = YES;
				CLANG_WARN_COMMA = YES;
				CLANG_WARN_CONSTANT_CONVERSION = YES;
				CLANG_WARN_DEPRECATED_OBJC_IMPLEMENTATIONS = YES;
				CLANG_WARN_DIRECT_OBJC_ISA_USAGE = YES_ERROR;
				CLANG_WARN_DOCUMENTATION_COMMENTS = YES;
				CLANG_WARN_EMPTY_BODY = YES;
				CLANG_WARN_ENUM_CONVERSION = YES;
				CLANG_WARN_INFINITE_RECURSION = YES;
				CLANG_WARN_INT_CONVERSION = YES;
				CLANG_WARN_NON_LITERAL_NULL_CONVERSION = YES;
				CLANG_WARN_OBJC_IMPLICIT_RETAIN_SELF = YES;
				CLANG_WARN_OBJC_LITERAL_CONVERSION = YES;
				CLANG_WARN_OBJC_ROOT_CLASS = YES_ERROR;
				CLANG_WARN_QUOTED_INCLUDE_IN_FRAMEWORK_HEADER = YES;
				CLANG_WARN_RANGE_LOOP_ANALYSIS = YES;
				CLANG_WARN_STRICT_PROTOTYPES = YES;
				CLANG_WARN_SUSPICIOUS_MOVE = YES;
				CLANG_WARN_UNGUARDED_AVAILABILITY = YES_AGGRESSIVE;
				CLANG_WARN_UNREACHABLE_CODE = YES;
				CLANG_WARN__DUPLICATE_METHOD_MATCH = YES;
				COPY_PHASE_STRIP = NO;
				DEBUG_INFORMATION_FORMAT = dwarf;
				ENABLE_STRICT_OBJC_MSGSEND = YES;
				ENABLE_TESTABILITY = YES;
				GCC_C_LANGUAGE_STANDARD = gnu11;
				GCC_DYNAMIC_NO_PIC = NO;
				GCC_NO_COMMON_BLOCKS = YES;
				GCC_OPTIMIZATION_LEVEL = 0;
				GCC_PREPROCESSOR_DEFINITIONS = (
					"DEBUG=1",
					"$(inherited)",
				);
				GCC_WARN_64_TO_32_BIT_CONVERSION = YES;
				GCC_WARN_ABOUT_RETURN_TYPE = YES_ERROR;
				GCC_WARN_UNDECLARED_SELECTOR = YES;
				GCC_WARN_UNINITIALIZED_AUTOS = YES_AGGRESSIVE;
				GCC_WARN_UNUSED_FUNCTION = YES;
				GCC_WARN_UNUSED_VARIABLE = YES;
				IPHONEOS_DEPLOYMENT_TARGET = 16.2;
				MTL_ENABLE_DEBUG_INFO = INCLUDE_SOURCE;
				MTL_FAST_MATH = YES;
				ONLY_ACTIVE_ARCH = YES;
				SDKROOT = iphoneos;
				SWIFT_ACTIVE_COMPILATION_CONDITIONS = DEBUG;
				SWIFT_OPTIMIZATION_LEVEL = "-Onone";
			};
			name = Debug;
		};
		BAB7B9E52B33986700BE7E8F /* Release */ = {
			isa = XCBuildConfiguration;
			buildSettings = {
				ALWAYS_SEARCH_USER_PATHS = NO;
				CLANG_ANALYZER_NONNULL = YES;
				CLANG_ANALYZER_NUMBER_OBJECT_CONVERSION = YES_AGGRESSIVE;
				CLANG_CXX_LANGUAGE_STANDARD = "gnu++20";
				CLANG_ENABLE_MODULES = YES;
				CLANG_ENABLE_OBJC_ARC = YES;
				CLANG_ENABLE_OBJC_WEAK = YES;
				CLANG_WARN_BLOCK_CAPTURE_AUTORELEASING = YES;
				CLANG_WARN_BOOL_CONVERSION = YES;
				CLANG_WARN_COMMA = YES;
				CLANG_WARN_CONSTANT_CONVERSION = YES;
				CLANG_WARN_DEPRECATED_OBJC_IMPLEMENTATIONS = YES;
				CLANG_WARN_DIRECT_OBJC_ISA_USAGE = YES_ERROR;
				CLANG_WARN_DOCUMENTATION_COMMENTS = YES;
				CLANG_WARN_EMPTY_BODY = YES;
				CLANG_WARN_ENUM_CONVERSION = YES;
				CLANG_WARN_INFINITE_RECURSION = YES;
				CLANG_WARN_INT_CONVERSION = YES;
				CLANG_WARN_NON_LITERAL_NULL_CONVERSION = YES;
				CLANG_WARN_OBJC_IMPLICIT_RETAIN_SELF = YES;
				CLANG_WARN_OBJC_LITERAL_CONVERSION = YES;
				CLANG_WARN_OBJC_ROOT_CLASS = YES_ERROR;
				CLANG_WARN_QUOTED_INCLUDE_IN_FRAMEWORK_HEADER = YES;
				CLANG_WARN_RANGE_LOOP_ANALYSIS = YES;
				CLANG_WARN_STRICT_PROTOTYPES = YES;
				CLANG_WARN_SUSPICIOUS_MOVE = YES;
				CLANG_WARN_UNGUARDED_AVAILABILITY = YES_AGGRESSIVE;
				CLANG_WARN_UNREACHABLE_CODE = YES;
				CLANG_WARN__DUPLICATE_METHOD_MATCH = YES;
				COPY_PHASE_STRIP = NO;
				DEBUG_INFORMATION_FORMAT = "dwarf-with-dsym";
				ENABLE_NS_ASSERTIONS = NO;
				ENABLE_STRICT_OBJC_MSGSEND = YES;
				GCC_C_LANGUAGE_STANDARD = gnu11;
				GCC_NO_COMMON_BLOCKS = YES;
				GCC_WARN_64_TO_32_BIT_CONVERSION = YES;
				GCC_WARN_ABOUT_RETURN_TYPE = YES_ERROR;
				GCC_WARN_UNDECLARED_SELECTOR = YES;
				GCC_WARN_UNINITIALIZED_AUTOS = YES_AGGRESSIVE;
				GCC_WARN_UNUSED_FUNCTION = YES;
				GCC_WARN_UNUSED_VARIABLE = YES;
				IPHONEOS_DEPLOYMENT_TARGET = 16.2;
				MTL_ENABLE_DEBUG_INFO = NO;
				MTL_FAST_MATH = YES;
				SDKROOT = iphoneos;
				SWIFT_COMPILATION_MODE = wholemodule;
				SWIFT_OPTIMIZATION_LEVEL = "-O";
				VALIDATE_PRODUCT = YES;
			};
			name = Release;
		};
		BAB7B9E72B33986700BE7E8F /* Debug */ = {
			isa = XCBuildConfiguration;
			buildSettings = {
				ASSETCATALOG_COMPILER_APPICON_NAME = AppIcon;
				ASSETCATALOG_COMPILER_GLOBAL_ACCENT_COLOR_NAME = AccentColor;
				CODE_SIGN_STYLE = Automatic;
				CURRENT_PROJECT_VERSION = 1;
				DEVELOPMENT_TEAM = 3FTQV7XD9L;
				GENERATE_INFOPLIST_FILE = YES;
				INFOPLIST_FILE = DynaSwipe/Info.plist;
				INFOPLIST_KEY_UIApplicationSupportsIndirectInputEvents = YES;
				INFOPLIST_KEY_UILaunchStoryboardName = LaunchScreen;
				INFOPLIST_KEY_UIMainStoryboardFile = Main;
				INFOPLIST_KEY_UISupportedInterfaceOrientations_iPad = "UIInterfaceOrientationPortrait UIInterfaceOrientationPortraitUpsideDown UIInterfaceOrientationLandscapeLeft UIInterfaceOrientationLandscapeRight";
				INFOPLIST_KEY_UISupportedInterfaceOrientations_iPhone = "UIInterfaceOrientationPortrait UIInterfaceOrientationLandscapeLeft UIInterfaceOrientationLandscapeRight";
				LD_RUNPATH_SEARCH_PATHS = (
					"$(inherited)",
					"@executable_path/Frameworks",
				);
				MARKETING_VERSION = 1.0;
				PRODUCT_BUNDLE_IDENTIFIER = com.jefferywidroff.test.DynaSwipe;
				PRODUCT_NAME = "$(TARGET_NAME)";
				SWIFT_EMIT_LOC_STRINGS = YES;
				SWIFT_VERSION = 5.0;
				TARGETED_DEVICE_FAMILY = "1,2";
			};
			name = Debug;
		};
		BAB7B9E82B33986700BE7E8F /* Release */ = {
			isa = XCBuildConfiguration;
			buildSettings = {
				ASSETCATALOG_COMPILER_APPICON_NAME = AppIcon;
				ASSETCATALOG_COMPILER_GLOBAL_ACCENT_COLOR_NAME = AccentColor;
				CODE_SIGN_STYLE = Automatic;
				CURRENT_PROJECT_VERSION = 1;
				DEVELOPMENT_TEAM = 3FTQV7XD9L;
				GENERATE_INFOPLIST_FILE = YES;
				INFOPLIST_FILE = DynaSwipe/Info.plist;
				INFOPLIST_KEY_UIApplicationSupportsIndirectInputEvents = YES;
				INFOPLIST_KEY_UILaunchStoryboardName = LaunchScreen;
				INFOPLIST_KEY_UIMainStoryboardFile = Main;
				INFOPLIST_KEY_UISupportedInterfaceOrientations_iPad = "UIInterfaceOrientationPortrait UIInterfaceOrientationPortraitUpsideDown UIInterfaceOrientationLandscapeLeft UIInterfaceOrientationLandscapeRight";
				INFOPLIST_KEY_UISupportedInterfaceOrientations_iPhone = "UIInterfaceOrientationPortrait UIInterfaceOrientationLandscapeLeft UIInterfaceOrientationLandscapeRight";
				LD_RUNPATH_SEARCH_PATHS = (
					"$(inherited)",
					"@executable_path/Frameworks",
				);
				MARKETING_VERSION = 1.0;
				PRODUCT_BUNDLE_IDENTIFIER = com.jefferywidroff.test.DynaSwipe;
				PRODUCT_NAME = "$(TARGET_NAME)";
				SWIFT_EMIT_LOC_STRINGS = YES;
				SWIFT_VERSION = 5.0;
				TARGETED_DEVICE_FAMILY = "1,2";
			};
			name = Release;
		};
		BAB7B9EA2B33986700BE7E8F /* Debug */ = {
			isa = XCBuildConfiguration;
			buildSettings = {
				ALWAYS_EMBED_SWIFT_STANDARD_LIBRARIES = YES;
				BUNDLE_LOADER = "$(TEST_HOST)";
				CODE_SIGN_STYLE = Automatic;
				CURRENT_PROJECT_VERSION = 1;
				DEVELOPMENT_TEAM = 3FTQV7XD9L;
				GENERATE_INFOPLIST_FILE = YES;
				IPHONEOS_DEPLOYMENT_TARGET = 16.2;
				MARKETING_VERSION = 1.0;
				PRODUCT_BUNDLE_IDENTIFIER = com.jefferywidroff.test.DynaSwipeTests;
				PRODUCT_NAME = "$(TARGET_NAME)";
				SWIFT_EMIT_LOC_STRINGS = NO;
				SWIFT_VERSION = 5.0;
				TARGETED_DEVICE_FAMILY = "1,2";
				TEST_HOST = "$(BUILT_PRODUCTS_DIR)/DynaSwipe.app/$(BUNDLE_EXECUTABLE_FOLDER_PATH)/DynaSwipe";
			};
			name = Debug;
		};
		BAB7B9EB2B33986700BE7E8F /* Release */ = {
			isa = XCBuildConfiguration;
			buildSettings = {
				ALWAYS_EMBED_SWIFT_STANDARD_LIBRARIES = YES;
				BUNDLE_LOADER = "$(TEST_HOST)";
				CODE_SIGN_STYLE = Automatic;
				CURRENT_PROJECT_VERSION = 1;
				DEVELOPMENT_TEAM = 3FTQV7XD9L;
				GENERATE_INFOPLIST_FILE = YES;
				IPHONEOS_DEPLOYMENT_TARGET = 16.2;
				MARKETING_VERSION = 1.0;
				PRODUCT_BUNDLE_IDENTIFIER = com.jefferywidroff.test.DynaSwipeTests;
				PRODUCT_NAME = "$(TARGET_NAME)";
				SWIFT_EMIT_LOC_STRINGS = NO;
				SWIFT_VERSION = 5.0;
				TARGETED_DEVICE_FAMILY = "1,2";
				TEST_HOST = "$(BUILT_PRODUCTS_DIR)/DynaSwipe.app/$(BUNDLE_EXECUTABLE_FOLDER_PATH)/DynaSwipe";
			};
			name = Release;
		};
		BAB7B9ED2B33986700BE7E8F /* Debug */ = {
			isa = XCBuildConfiguration;
			buildSettings = {
				ALWAYS_EMBED_SWIFT_STANDARD_LIBRARIES = YES;
				CODE_SIGN_STYLE = Automatic;
				CURRENT_PROJECT_VERSION = 1;
				DEVELOPMENT_TEAM = 3FTQV7XD9L;
				GENERATE_INFOPLIST_FILE = YES;
				MARKETING_VERSION = 1.0;
				PRODUCT_BUNDLE_IDENTIFIER = com.jefferywidroff.test.DynaSwipeUITests;
				PRODUCT_NAME = "$(TARGET_NAME)";
				SWIFT_EMIT_LOC_STRINGS = NO;
				SWIFT_VERSION = 5.0;
				TARGETED_DEVICE_FAMILY = "1,2";
				TEST_TARGET_NAME = DynaSwipe;
			};
			name = Debug;
		};
		BAB7B9EE2B33986700BE7E8F /* Release */ = {
			isa = XCBuildConfiguration;
			buildSettings = {
				ALWAYS_EMBED_SWIFT_STANDARD_LIBRARIES = YES;
				CODE_SIGN_STYLE = Automatic;
				CURRENT_PROJECT_VERSION = 1;
				DEVELOPMENT_TEAM = 3FTQV7XD9L;
				GENERATE_INFOPLIST_FILE = YES;
				MARKETING_VERSION = 1.0;
				PRODUCT_BUNDLE_IDENTIFIER = com.jefferywidroff.test.DynaSwipeUITests;
				PRODUCT_NAME = "$(TARGET_NAME)";
				SWIFT_EMIT_LOC_STRINGS = NO;
				SWIFT_VERSION = 5.0;
				TARGETED_DEVICE_FAMILY = "1,2";
				TEST_TARGET_NAME = DynaSwipe;
			};
			name = Release;
		};
/* End XCBuildConfiguration section */

/* Begin XCConfigurationList section */
		BAB7B9B72B33986400BE7E8F /* Build configuration list for PBXProject "DynaSwipe" */ = {
			isa = XCConfigurationList;
			buildConfigurations = (
				BAB7B9E42B33986700BE7E8F /* Debug */,
				BAB7B9E52B33986700BE7E8F /* Release */,
			);
			defaultConfigurationIsVisible = 0;
			defaultConfigurationName = Release;
		};
		BAB7B9E62B33986700BE7E8F /* Build configuration list for PBXNativeTarget "DynaSwipe" */ = {
			isa = XCConfigurationList;
			buildConfigurations = (
				BAB7B9E72B33986700BE7E8F /* Debug */,
				BAB7B9E82B33986700BE7E8F /* Release */,
			);
			defaultConfigurationIsVisible = 0;
			defaultConfigurationName = Release;
		};
		BAB7B9E92B33986700BE7E8F /* Build configuration list for PBXNativeTarget "DynaSwipeTests" */ = {
			isa = XCConfigurationList;
			buildConfigurations = (
				BAB7B9EA2B33986700BE7E8F /* Debug */,
				BAB7B9EB2B33986700BE7E8F /* Release */,
			);
			defaultConfigurationIsVisible = 0;
			defaultConfigurationName = Release;
		};
		BAB7B9EC2B33986700BE7E8F /* Build configuration list for PBXNativeTarget "DynaSwipeUITests" */ = {
			isa = XCConfigurationList;
			buildConfigurations = (
				BAB7B9ED2B33986700BE7E8F /* Debug */,
				BAB7B9EE2B33986700BE7E8F /* Release */,
			);
			defaultConfigurationIsVisible = 0;
			defaultConfigurationName = Release;
		};
/* End XCConfigurationList section */
	};
	rootObject = BAB7B9B42B33986400BE7E8F /* Project object */;
}
